
Microsoft Visual Studio Solution File, Format Version 12.00
# Visual Studio 14
VisualStudioVersion = 14.0.25123.0
MinimumVisualStudioVersion = 10.0.40219.1
Project("{FAE04EC0-301F-11D3-BF4B-00C04F79EFBC}") = "FailureDetector.Host", "FailureDetector.Host\FailureDetector.Host.csproj", "{49881F60-5913-4CCF-91BE-ADD4257BAE9A}"
EndProject
Project("{FAE04EC0-301F-11D3-BF4B-00C04F79EFBC}") = "FailureDetector.Actors", "FailureDetector.Actors\FailureDetector.Actors.csproj", "{2B72FFD5-926E-4E5F-8AEB-1E3CC3A8B455}"
EndProject
Project("{FAE04EC0-301F-11D3-BF4B-00C04F79EFBC}") = "FailureDetector.Interfaces", "FailureDetector.Interfaces\FailureDetector.Interfaces.csproj", "{D8D2C83C-C6E3-4A4D-B97B-B8D32AF79D03}"
EndProject
Global
	GlobalSection(SolutionConfigurationPlatforms) = preSolution
		Debug|Any CPU = Debug|Any CPU
		Release|Any CPU = Release|Any CPU
	EndGlobalSection
	GlobalSection(ProjectConfigurationPlatforms) = postSolution
		{49881F60-5913-4CCF-91BE-ADD4257BAE9A}.Debug|Any CPU.ActiveCfg = Debug|Any CPU
		{49881F60-5913-4CCF-91BE-ADD4257BAE9A}.Debug|Any CPU.Build.0 = Debug|Any CPU
		{49881F60-5913-4CCF-91BE-ADD4257BAE9A}.Release|Any CPU.ActiveCfg = Release|Any CPU
		{49881F60-5913-4CCF-91BE-ADD4257BAE9A}.Release|Any CPU.Build.0 = Release|Any CPU
		{2B72FFD5-926E-4E5F-8AEB-1E3CC3A8B455}.Debug|Any CPU.ActiveCfg = Debug|Any CPU
		{2B72FFD5-926E-4E5F-8AEB-1E3CC3A8B455}.Debug|Any CPU.Build.0 = Debug|Any CPU
		{2B72FFD5-926E-4E5F-8AEB-1E3CC3A8B455}.Release|Any CPU.ActiveCfg = Release|Any CPU
		{2B72FFD5-926E-4E5F-8AEB-1E3CC3A8B455}.Release|Any CPU.Build.0 = Release|Any CPU
		{D8D2C83C-C6E3-4A4D-B97B-B8D32AF79D03}.Debug|Any CPU.ActiveCfg = Debug|Any CPU
		{D8D2C83C-C6E3-4A4D-B97B-B8D32AF79D03}.Debug|Any CPU.Build.0 = Debug|Any CPU
		{D8D2C83C-C6E3-4A4D-B97B-B8D32AF79D03}.Release|Any CPU.ActiveCfg = Release|Any CPU
		{D8D2C83C-C6E3-4A4D-B97B-B8D32AF79D03}.Release|Any CPU.Build.0 = Release|Any CPU
	EndGlobalSection
	GlobalSection(SolutionProperties) = preSolution
		HideSolutionNode = FALSE
	EndGlobalSection
EndGlobal
